
Microsoft Visual Studio Solution File, Format Version 12.00
# Visual Studio Version 16
VisualStudioVersion = 16.0.31515.178
MinimumVisualStudioVersion = 10.0.40219.1
Project("{FAE04EC0-301F-11D3-BF4B-00C04F79EFBC}") = "MyApp.POSPrint.PrintForm", "MyApp.POSPrint.PrintForm\MyApp.POSPrint.PrintForm.csproj", "{D5BE00D8-219E-43C0-B5AF-EE340D372324}"
EndProject
Project("{FAE04EC0-301F-11D3-BF4B-00C04F79EFBC}") = "MyApp.POSPrint.Print", "MyApp.POSPrint.Print\MyApp.POSPrint.Print.csproj", "{5C52478F-4A3D-4AC4-845D-CD33307A9B3A}"
EndProject
Global
	GlobalSection(SolutionConfigurationPlatforms) = preSolution
		Debug|Any CPU = Debug|Any CPU
		Release|Any CPU = Release|Any CPU
	EndGlobalSection
	GlobalSection(ProjectConfigurationPlatforms) = postSolution
		{D5BE00D8-219E-43C0-B5AF-EE340D372324}.Debug|Any CPU.ActiveCfg = Debug|Any CPU
		{D5BE00D8-219E-43C0-B5AF-EE340D372324}.Debug|Any CPU.Build.0 = Debug|Any CPU
		{D5BE00D8-219E-43C0-B5AF-EE340D372324}.Release|Any CPU.ActiveCfg = Release|Any CPU
		{D5BE00D8-219E-43C0-B5AF-EE340D372324}.Release|Any CPU.Build.0 = Release|Any CPU
		{5C52478F-4A3D-4AC4-845D-CD33307A9B3A}.Debug|Any CPU.ActiveCfg = Debug|Any CPU
		{5C52478F-4A3D-4AC4-845D-CD33307A9B3A}.Debug|Any CPU.Build.0 = Debug|Any CPU
		{5C52478F-4A3D-4AC4-845D-CD33307A9B3A}.Release|Any CPU.ActiveCfg = Release|Any CPU
		{5C52478F-4A3D-4AC4-845D-CD33307A9B3A}.Release|Any CPU.Build.0 = Release|Any CPU
	EndGlobalSection
	GlobalSection(SolutionProperties) = preSolution
		HideSolutionNode = FALSE
	EndGlobalSection
	GlobalSection(ExtensibilityGlobals) = postSolution
		SolutionGuid = {B704D939-E78B-4B23-B9C5-6C4F1126BA3C}
	EndGlobalSection
EndGlobal
